
Microsoft Visual Studio Solution File, Format Version 12.00
# Visual Studio Version 17
VisualStudioVersion = 17.13.35931.197 d17.13
MinimumVisualStudioVersion = 10.0.40219.1
Project("{8BC9CEB8-8B4A-11D0-8D11-00A0C91BC942}") = "MemberInitializer", "MemberInitializer\MemberInitializer.vcxproj", "{5509190E-3D18-4405-8718-42D61D676798}"
EndProject
Global
	GlobalSection(SolutionConfigurationPlatforms) = preSolution
		Debug|x64 = Debug|x64
		Debug|x86 = Debug|x86
		Release|x64 = Release|x64
		Release|x86 = Release|x86
	EndGlobalSection
	GlobalSection(ProjectConfigurationPlatforms) = postSolution
		{5509190E-3D18-4405-8718-42D61D676798}.Debug|x64.ActiveCfg = Debug|x64
		{5509190E-3D18-4405-8718-42D61D676798}.Debug|x64.Build.0 = Debug|x64
		{5509190E-3D18-4405-8718-42D61D676798}.Debug|x86.ActiveCfg = Debug|Win32
		{5509190E-3D18-4405-8718-42D61D676798}.Debug|x86.Build.0 = Debug|Win32
		{5509190E-3D18-4405-8718-42D61D676798}.Release|x64.ActiveCfg = Release|x64
		{5509190E-3D18-4405-8718-42D61D676798}.Release|x64.Build.0 = Release|x64
		{5509190E-3D18-4405-8718-42D61D676798}.Release|x86.ActiveCfg = Release|Win32
		{5509190E-3D18-4405-8718-42D61D676798}.Release|x86.Build.0 = Release|Win32
	EndGlobalSection
	GlobalSection(SolutionProperties) = preSolution
		HideSolutionNode = FALSE
	EndGlobalSection
	GlobalSection(ExtensibilityGlobals) = postSolution
		SolutionGuid = {74D6ADCD-53DE-432E-85F2-FEC689149132}
	EndGlobalSection
EndGlobal
