
Microsoft Visual Studio Solution File, Format Version 12.00
# Visual Studio Version 17
VisualStudioVersion = 17.13.35931.197 d17.13
MinimumVisualStudioVersion = 10.0.40219.1
Project("{8BC9CEB8-8B4A-11D0-8D11-00A0C91BC942}") = "ArrowOperator", "ArrowOperator\ArrowOperator.vcxproj", "{BC49E71A-63D3-4017-8B08-635A9518D030}"
EndProject
Global
	GlobalSection(SolutionConfigurationPlatforms) = preSolution
		Debug|x64 = Debug|x64
		Debug|x86 = Debug|x86
		Release|x64 = Release|x64
		Release|x86 = Release|x86
	EndGlobalSection
	GlobalSection(ProjectConfigurationPlatforms) = postSolution
		{BC49E71A-63D3-4017-8B08-635A9518D030}.Debug|x64.ActiveCfg = Debug|x64
		{BC49E71A-63D3-4017-8B08-635A9518D030}.Debug|x64.Build.0 = Debug|x64
		{BC49E71A-63D3-4017-8B08-635A9518D030}.Debug|x86.ActiveCfg = Debug|Win32
		{BC49E71A-63D3-4017-8B08-635A9518D030}.Debug|x86.Build.0 = Debug|Win32
		{BC49E71A-63D3-4017-8B08-635A9518D030}.Release|x64.ActiveCfg = Release|x64
		{BC49E71A-63D3-4017-8B08-635A9518D030}.Release|x64.Build.0 = Release|x64
		{BC49E71A-63D3-4017-8B08-635A9518D030}.Release|x86.ActiveCfg = Release|Win32
		{BC49E71A-63D3-4017-8B08-635A9518D030}.Release|x86.Build.0 = Release|Win32
	EndGlobalSection
	GlobalSection(SolutionProperties) = preSolution
		HideSolutionNode = FALSE
	EndGlobalSection
	GlobalSection(ExtensibilityGlobals) = postSolution
		SolutionGuid = {82D7366B-9634-4CCB-9BC8-A1F3408CF843}
	EndGlobalSection
EndGlobal
