
Microsoft Visual Studio Solution File, Format Version 12.00
# Visual Studio Version 17
VisualStudioVersion = 17.13.35931.197 d17.13
MinimumVisualStudioVersion = 10.0.40219.1
Project("{8BC9CEB8-8B4A-11D0-8D11-00A0C91BC942}") = "Templates", "Templates\Templates.vcxproj", "{FF7C8861-939F-4E23-A4CE-5BB19D4B6C60}"
EndProject
Global
	GlobalSection(SolutionConfigurationPlatforms) = preSolution
		Debug|x64 = Debug|x64
		Debug|x86 = Debug|x86
		Release|x64 = Release|x64
		Release|x86 = Release|x86
	EndGlobalSection
	GlobalSection(ProjectConfigurationPlatforms) = postSolution
		{FF7C8861-939F-4E23-A4CE-5BB19D4B6C60}.Debug|x64.ActiveCfg = Debug|x64
		{FF7C8861-939F-4E23-A4CE-5BB19D4B6C60}.Debug|x64.Build.0 = Debug|x64
		{FF7C8861-939F-4E23-A4CE-5BB19D4B6C60}.Debug|x86.ActiveCfg = Debug|Win32
		{FF7C8861-939F-4E23-A4CE-5BB19D4B6C60}.Debug|x86.Build.0 = Debug|Win32
		{FF7C8861-939F-4E23-A4CE-5BB19D4B6C60}.Release|x64.ActiveCfg = Release|x64
		{FF7C8861-939F-4E23-A4CE-5BB19D4B6C60}.Release|x64.Build.0 = Release|x64
		{FF7C8861-939F-4E23-A4CE-5BB19D4B6C60}.Release|x86.ActiveCfg = Release|Win32
		{FF7C8861-939F-4E23-A4CE-5BB19D4B6C60}.Release|x86.Build.0 = Release|Win32
	EndGlobalSection
	GlobalSection(SolutionProperties) = preSolution
		HideSolutionNode = FALSE
	EndGlobalSection
	GlobalSection(ExtensibilityGlobals) = postSolution
		SolutionGuid = {60CCD746-7240-4F74-98D1-71FA2527A572}
	EndGlobalSection
EndGlobal
